
Microsoft Visual Studio Solution File, Format Version 12.00
Project("{FAE04EC0-301F-11D3-BF4B-00C04F79EFBC}") = "StudentApi", "StudentApi\StudentApi.csproj", "{9CF40714-3526-4CA7-A8C7-9C82854CB87A}"
EndProject
Project("{2150E333-8FDC-42A3-9474-1A3956D46DE8}") = "Core", "Core", "{8B434D0F-1DFA-4E78-9161-FEF722444959}"
EndProject
Project("{2150E333-8FDC-42A3-9474-1A3956D46DE8}") = "Infrastructure", "Infrastructure", "{E0FF1E4E-3795-40FD-A6DA-6EA9C4895C81}"
EndProject
Project("{2150E333-8FDC-42A3-9474-1A3956D46DE8}") = "Presentation", "Presentation", "{797DC597-CA69-4845-AD73-5E5D02FDE85A}"
EndProject
Project("{FAE04EC0-301F-11D3-BF4B-00C04F79EFBC}") = "Application", "Application\Application.csproj", "{E6B64077-08AB-45B7-B7C1-312A44B0F9DC}"
EndProject
Project("{FAE04EC0-301F-11D3-BF4B-00C04F79EFBC}") = "Domain", "Domain\Domain.csproj", "{1F6FBF19-D5B0-4A1F-8140-E92D4EC2F719}"
EndProject
Project("{FAE04EC0-301F-11D3-BF4B-00C04F79EFBC}") = "Persistence", "Persistence\Persistence.csproj", "{87770978-76BC-433D-B79C-D7EB9DE97DC7}"
EndProject
Global
	GlobalSection(SolutionConfigurationPlatforms) = preSolution
		Debug|Any CPU = Debug|Any CPU
		Release|Any CPU = Release|Any CPU
	EndGlobalSection
	GlobalSection(ProjectConfigurationPlatforms) = postSolution
		{9CF40714-3526-4CA7-A8C7-9C82854CB87A}.Debug|Any CPU.ActiveCfg = Debug|Any CPU
		{9CF40714-3526-4CA7-A8C7-9C82854CB87A}.Debug|Any CPU.Build.0 = Debug|Any CPU
		{9CF40714-3526-4CA7-A8C7-9C82854CB87A}.Release|Any CPU.ActiveCfg = Release|Any CPU
		{9CF40714-3526-4CA7-A8C7-9C82854CB87A}.Release|Any CPU.Build.0 = Release|Any CPU
		{E6B64077-08AB-45B7-B7C1-312A44B0F9DC}.Debug|Any CPU.ActiveCfg = Debug|Any CPU
		{E6B64077-08AB-45B7-B7C1-312A44B0F9DC}.Debug|Any CPU.Build.0 = Debug|Any CPU
		{E6B64077-08AB-45B7-B7C1-312A44B0F9DC}.Release|Any CPU.ActiveCfg = Release|Any CPU
		{E6B64077-08AB-45B7-B7C1-312A44B0F9DC}.Release|Any CPU.Build.0 = Release|Any CPU
		{1F6FBF19-D5B0-4A1F-8140-E92D4EC2F719}.Debug|Any CPU.ActiveCfg = Debug|Any CPU
		{1F6FBF19-D5B0-4A1F-8140-E92D4EC2F719}.Debug|Any CPU.Build.0 = Debug|Any CPU
		{1F6FBF19-D5B0-4A1F-8140-E92D4EC2F719}.Release|Any CPU.ActiveCfg = Release|Any CPU
		{1F6FBF19-D5B0-4A1F-8140-E92D4EC2F719}.Release|Any CPU.Build.0 = Release|Any CPU
		{87770978-76BC-433D-B79C-D7EB9DE97DC7}.Debug|Any CPU.ActiveCfg = Debug|Any CPU
		{87770978-76BC-433D-B79C-D7EB9DE97DC7}.Debug|Any CPU.Build.0 = Debug|Any CPU
		{87770978-76BC-433D-B79C-D7EB9DE97DC7}.Release|Any CPU.ActiveCfg = Release|Any CPU
		{87770978-76BC-433D-B79C-D7EB9DE97DC7}.Release|Any CPU.Build.0 = Release|Any CPU
	EndGlobalSection
	GlobalSection(NestedProjects) = preSolution
		{9CF40714-3526-4CA7-A8C7-9C82854CB87A} = {797DC597-CA69-4845-AD73-5E5D02FDE85A}
		{E6B64077-08AB-45B7-B7C1-312A44B0F9DC} = {8B434D0F-1DFA-4E78-9161-FEF722444959}
		{1F6FBF19-D5B0-4A1F-8140-E92D4EC2F719} = {8B434D0F-1DFA-4E78-9161-FEF722444959}
		{87770978-76BC-433D-B79C-D7EB9DE97DC7} = {E0FF1E4E-3795-40FD-A6DA-6EA9C4895C81}
	EndGlobalSection
EndGlobal
